
Microsoft Visual Studio Solution File, Format Version 12.00
# Visual Studio 15
VisualStudioVersion = 15.0.25807.0
MinimumVisualStudioVersion = 10.0.40219.1
Project("{2150E333-8FDC-42A3-9474-1A3956D46DE8}") = "Engine", "Engine", "{0772F9FD-8D1F-4C67-9921-735DF0349A7F}"
EndProject
Project("{2150E333-8FDC-42A3-9474-1A3956D46DE8}") = "Games", "Games", "{4CAC971B-F790-4035-B41A-69C74A80AB4B}"
EndProject
Project("{8BC9CEB8-8B4A-11D0-8D11-00A0C91BC942}") = "UE4", "Intermediate\ProjectFiles\UE4.vcxproj", "{1390B5C0-279B-468A-8600-A9BFA884ED47}"
EndProject
Project("{8BC9CEB8-8B4A-11D0-8D11-00A0C91BC942}") = "BuildingEscape", "Intermediate\ProjectFiles\BuildingEscape.vcxproj", "{B4B48B4D-478D-4B45-9455-E593C35EBDAF}"
EndProject
Global
	GlobalSection(SolutionConfigurationPlatforms) = preSolution
		DebugGame Editor|HTML5 = DebugGame Editor|HTML5
		DebugGame Editor|Win32 = DebugGame Editor|Win32
		DebugGame Editor|Win64 = DebugGame Editor|Win64
		DebugGame|HTML5 = DebugGame|HTML5
		DebugGame|Win32 = DebugGame|Win32
		DebugGame|Win64 = DebugGame|Win64
		Development Editor|HTML5 = Development Editor|HTML5
		Development Editor|Win32 = Development Editor|Win32
		Development Editor|Win64 = Development Editor|Win64
		Development|HTML5 = Development|HTML5
		Development|Win32 = Development|Win32
		Development|Win64 = Development|Win64
		Shipping|HTML5 = Shipping|HTML5
		Shipping|Win32 = Shipping|Win32
		Shipping|Win64 = Shipping|Win64
	EndGlobalSection
	GlobalSection(ProjectConfigurationPlatforms) = postSolution
		{1390B5C0-279B-468A-8600-A9BFA884ED47}.DebugGame Editor|HTML5.ActiveCfg = BuiltWithUnrealBuildTool|Win32
		{1390B5C0-279B-468A-8600-A9BFA884ED47}.DebugGame Editor|HTML5.Build.0 = BuiltWithUnrealBuildTool|Win32
		{1390B5C0-279B-468A-8600-A9BFA884ED47}.DebugGame Editor|Win32.ActiveCfg = BuiltWithUnrealBuildTool|Win32
		{1390B5C0-279B-468A-8600-A9BFA884ED47}.DebugGame Editor|Win32.Build.0 = BuiltWithUnrealBuildTool|Win32
		{1390B5C0-279B-468A-8600-A9BFA884ED47}.DebugGame Editor|Win64.ActiveCfg = BuiltWithUnrealBuildTool|Win32
		{1390B5C0-279B-468A-8600-A9BFA884ED47}.DebugGame Editor|Win64.Build.0 = BuiltWithUnrealBuildTool|Win32
		{1390B5C0-279B-468A-8600-A9BFA884ED47}.DebugGame|HTML5.ActiveCfg = BuiltWithUnrealBuildTool|Win32
		{1390B5C0-279B-468A-8600-A9BFA884ED47}.DebugGame|HTML5.Build.0 = BuiltWithUnrealBuildTool|Win32
		{1390B5C0-279B-468A-8600-A9BFA884ED47}.DebugGame|Win32.ActiveCfg = BuiltWithUnrealBuildTool|Win32
		{1390B5C0-279B-468A-8600-A9BFA884ED47}.DebugGame|Win32.Build.0 = BuiltWithUnrealBuildTool|Win32
		{1390B5C0-279B-468A-8600-A9BFA884ED47}.DebugGame|Win64.ActiveCfg = BuiltWithUnrealBuildTool|Win32
		{1390B5C0-279B-468A-8600-A9BFA884ED47}.DebugGame|Win64.Build.0 = BuiltWithUnrealBuildTool|Win32
		{1390B5C0-279B-468A-8600-A9BFA884ED47}.Development Editor|HTML5.ActiveCfg = BuiltWithUnrealBuildTool|Win32
		{1390B5C0-279B-468A-8600-A9BFA884ED47}.Development Editor|HTML5.Build.0 = BuiltWithUnrealBuildTool|Win32
		{1390B5C0-279B-468A-8600-A9BFA884ED47}.Development Editor|Win32.ActiveCfg = BuiltWithUnrealBuildTool|Win32
		{1390B5C0-279B-468A-8600-A9BFA884ED47}.Development Editor|Win32.Build.0 = BuiltWithUnrealBuildTool|Win32
		{1390B5C0-279B-468A-8600-A9BFA884ED47}.Development Editor|Win64.ActiveCfg = BuiltWithUnrealBuildTool|Win32
		{1390B5C0-279B-468A-8600-A9BFA884ED47}.Development Editor|Win64.Build.0 = BuiltWithUnrealBuildTool|Win32
		{1390B5C0-279B-468A-8600-A9BFA884ED47}.Development|HTML5.ActiveCfg = BuiltWithUnrealBuildTool|Win32
		{1390B5C0-279B-468A-8600-A9BFA884ED47}.Development|HTML5.Build.0 = BuiltWithUnrealBuildTool|Win32
		{1390B5C0-279B-468A-8600-A9BFA884ED47}.Development|Win32.ActiveCfg = BuiltWithUnrealBuildTool|Win32
		{1390B5C0-279B-468A-8600-A9BFA884ED47}.Development|Win32.Build.0 = BuiltWithUnrealBuildTool|Win32
		{1390B5C0-279B-468A-8600-A9BFA884ED47}.Development|Win64.ActiveCfg = BuiltWithUnrealBuildTool|Win32
		{1390B5C0-279B-468A-8600-A9BFA884ED47}.Development|Win64.Build.0 = BuiltWithUnrealBuildTool|Win32
		{1390B5C0-279B-468A-8600-A9BFA884ED47}.Shipping|HTML5.ActiveCfg = BuiltWithUnrealBuildTool|Win32
		{1390B5C0-279B-468A-8600-A9BFA884ED47}.Shipping|HTML5.Build.0 = BuiltWithUnrealBuildTool|Win32
		{1390B5C0-279B-468A-8600-A9BFA884ED47}.Shipping|Win32.ActiveCfg = BuiltWithUnrealBuildTool|Win32
		{1390B5C0-279B-468A-8600-A9BFA884ED47}.Shipping|Win32.Build.0 = BuiltWithUnrealBuildTool|Win32
		{1390B5C0-279B-468A-8600-A9BFA884ED47}.Shipping|Win64.ActiveCfg = BuiltWithUnrealBuildTool|Win32
		{1390B5C0-279B-468A-8600-A9BFA884ED47}.Shipping|Win64.Build.0 = BuiltWithUnrealBuildTool|Win32
		{B4B48B4D-478D-4B45-9455-E593C35EBDAF}.DebugGame Editor|HTML5.ActiveCfg = HTML5_DebugGame_Editor|Win32
		{B4B48B4D-478D-4B45-9455-E593C35EBDAF}.DebugGame Editor|Win32.ActiveCfg = DebugGame_Editor|Win32
		{B4B48B4D-478D-4B45-9455-E593C35EBDAF}.DebugGame Editor|Win64.ActiveCfg = DebugGame_Editor|x64
		{B4B48B4D-478D-4B45-9455-E593C35EBDAF}.DebugGame Editor|Win64.Build.0 = DebugGame_Editor|x64
		{B4B48B4D-478D-4B45-9455-E593C35EBDAF}.DebugGame|HTML5.ActiveCfg = HTML5_DebugGame_Game|Win32
		{B4B48B4D-478D-4B45-9455-E593C35EBDAF}.DebugGame|HTML5.Build.0 = HTML5_DebugGame_Game|Win32
		{B4B48B4D-478D-4B45-9455-E593C35EBDAF}.DebugGame|Win32.ActiveCfg = DebugGame_Game|Win32
		{B4B48B4D-478D-4B45-9455-E593C35EBDAF}.DebugGame|Win32.Build.0 = DebugGame_Game|Win32
		{B4B48B4D-478D-4B45-9455-E593C35EBDAF}.DebugGame|Win64.ActiveCfg = DebugGame_Game|x64
		{B4B48B4D-478D-4B45-9455-E593C35EBDAF}.DebugGame|Win64.Build.0 = DebugGame_Game|x64
		{B4B48B4D-478D-4B45-9455-E593C35EBDAF}.Development Editor|HTML5.ActiveCfg = HTML5_Development_Editor|Win32
		{B4B48B4D-478D-4B45-9455-E593C35EBDAF}.Development Editor|Win32.ActiveCfg = Development_Editor|Win32
		{B4B48B4D-478D-4B45-9455-E593C35EBDAF}.Development Editor|Win64.ActiveCfg = Development_Editor|x64
		{B4B48B4D-478D-4B45-9455-E593C35EBDAF}.Development Editor|Win64.Build.0 = Development_Editor|x64
		{B4B48B4D-478D-4B45-9455-E593C35EBDAF}.Development|HTML5.ActiveCfg = HTML5_Development_Game|Win32
		{B4B48B4D-478D-4B45-9455-E593C35EBDAF}.Development|HTML5.Build.0 = HTML5_Development_Game|Win32
		{B4B48B4D-478D-4B45-9455-E593C35EBDAF}.Development|Win32.ActiveCfg = Development_Game|Win32
		{B4B48B4D-478D-4B45-9455-E593C35EBDAF}.Development|Win32.Build.0 = Development_Game|Win32
		{B4B48B4D-478D-4B45-9455-E593C35EBDAF}.Development|Win64.ActiveCfg = Development_Game|x64
		{B4B48B4D-478D-4B45-9455-E593C35EBDAF}.Development|Win64.Build.0 = Development_Game|x64
		{B4B48B4D-478D-4B45-9455-E593C35EBDAF}.Shipping|HTML5.ActiveCfg = HTML5_Shipping_Game|Win32
		{B4B48B4D-478D-4B45-9455-E593C35EBDAF}.Shipping|HTML5.Build.0 = HTML5_Shipping_Game|Win32
		{B4B48B4D-478D-4B45-9455-E593C35EBDAF}.Shipping|Win32.ActiveCfg = Shipping_Game|Win32
		{B4B48B4D-478D-4B45-9455-E593C35EBDAF}.Shipping|Win32.Build.0 = Shipping_Game|Win32
		{B4B48B4D-478D-4B45-9455-E593C35EBDAF}.Shipping|Win64.ActiveCfg = Shipping_Game|x64
		{B4B48B4D-478D-4B45-9455-E593C35EBDAF}.Shipping|Win64.Build.0 = Shipping_Game|x64
	EndGlobalSection
	GlobalSection(SolutionProperties) = preSolution
		HideSolutionNode = FALSE
	EndGlobalSection
	GlobalSection(NestedProjects) = preSolution
		{1390B5C0-279B-468A-8600-A9BFA884ED47} = {0772F9FD-8D1F-4C67-9921-735DF0349A7F}
		{B4B48B4D-478D-4B45-9455-E593C35EBDAF} = {4CAC971B-F790-4035-B41A-69C74A80AB4B}
	EndGlobalSection
	GlobalSection(ExtensibilityGlobals) = postSolution
		SolutionGuid = {1A72DD55-6D61-4C20-A301-5627613EB9A6}
	EndGlobalSection
EndGlobal
